
Microsoft Visual Studio Solution File, Format Version 12.00
# Visual Studio Version 16
VisualStudioVersion = 16.0.30503.244
MinimumVisualStudioVersion = 10.0.40219.1
Project("{FAE04EC0-301F-11D3-BF4B-00C04F79EFBC}") = "CoreConsole", "CoreConsole\CoreConsole.csproj", "{C6201255-E070-42A8-B656-5087C53C4DB4}"
EndProject
Project("{FAE04EC0-301F-11D3-BF4B-00C04F79EFBC}") = "CoreConsole.Model.Tests", "CoreConsole.Model.Tests\CoreConsole.Model.Tests.csproj", "{FFDF6302-E022-4AEA-A18B-4CB964713833}"
EndProject
Global
	GlobalSection(SolutionConfigurationPlatforms) = preSolution
		Debug|Any CPU = Debug|Any CPU
		Release|Any CPU = Release|Any CPU
	EndGlobalSection
	GlobalSection(ProjectConfigurationPlatforms) = postSolution
		{C6201255-E070-42A8-B656-5087C53C4DB4}.Debug|Any CPU.ActiveCfg = Debug|Any CPU
		{C6201255-E070-42A8-B656-5087C53C4DB4}.Debug|Any CPU.Build.0 = Debug|Any CPU
		{C6201255-E070-42A8-B656-5087C53C4DB4}.Release|Any CPU.ActiveCfg = Release|Any CPU
		{C6201255-E070-42A8-B656-5087C53C4DB4}.Release|Any CPU.Build.0 = Release|Any CPU
		{FFDF6302-E022-4AEA-A18B-4CB964713833}.Debug|Any CPU.ActiveCfg = Debug|Any CPU
		{FFDF6302-E022-4AEA-A18B-4CB964713833}.Debug|Any CPU.Build.0 = Debug|Any CPU
		{FFDF6302-E022-4AEA-A18B-4CB964713833}.Release|Any CPU.ActiveCfg = Release|Any CPU
		{FFDF6302-E022-4AEA-A18B-4CB964713833}.Release|Any CPU.Build.0 = Release|Any CPU
	EndGlobalSection
	GlobalSection(SolutionProperties) = preSolution
		HideSolutionNode = FALSE
	EndGlobalSection
	GlobalSection(ExtensibilityGlobals) = postSolution
		SolutionGuid = {2B366F3A-5F95-47E5-932E-ADE6F7B00559}
	EndGlobalSection
EndGlobal
